// !$*UTF8*$!
{
	archiveVersion = 1;
	classes = {
	};
	objectVersion = 56;
	objects = {

/* Begin PBXBuildFile section */
		77BB72922C96953F0074F917 /* Extensions.swift in Sources */ = {isa = PBXBuildFile; fileRef = 77BB72912C96953F0074F917 /* Extensions.swift */; };
		9537D0F82C9059BF009D9BB6 /* ConfirmVC.swift in Sources */ = {isa = PBXBuildFile; fileRef = 9537D0F72C9059BF009D9BB6 /* ConfirmVC.swift */; };
		9537D0FA2C9059D6009D9BB6 /* TipVC.swift in Sources */ = {isa = PBXBuildFile; fileRef = 9537D0F92C9059D6009D9BB6 /* TipVC.swift */; };
		9537D0FC2C9059E4009D9BB6 /* ReceiptVC.swift in Sources */ = {isa = PBXBuildFile; fileRef = 9537D0FB2C9059E4009D9BB6 /* ReceiptVC.swift */; };
		9537D0FE2C905A17009D9BB6 /* ConfirmVC.storyboard in Resources */ = {isa = PBXBuildFile; fileRef = 9537D0FD2C905A17009D9BB6 /* ConfirmVC.storyboard */; };
		9537D1002C905B68009D9BB6 /* TipVC.storyboard in Resources */ = {isa = PBXBuildFile; fileRef = 9537D0FF2C905B68009D9BB6 /* TipVC.storyboard */; };
		9537D1022C905BAE009D9BB6 /* ReceiptVC.storyboard in Resources */ = {isa = PBXBuildFile; fileRef = 9537D1012C905BAE009D9BB6 /* ReceiptVC.storyboard */; };
		9543587A2C9055870049A3C1 /* AppDelegate.swift in Sources */ = {isa = PBXBuildFile; fileRef = 954358792C9055870049A3C1 /* AppDelegate.swift */; };
		9543587C2C9055870049A3C1 /* SceneDelegate.swift in Sources */ = {isa = PBXBuildFile; fileRef = 9543587B2C9055870049A3C1 /* SceneDelegate.swift */; };
		9543587E2C9055870049A3C1 /* HomeVC.swift in Sources */ = {isa = PBXBuildFile; fileRef = 9543587D2C9055870049A3C1 /* HomeVC.swift */; };
		954358812C9055870049A3C1 /* Main.storyboard in Resources */ = {isa = PBXBuildFile; fileRef = 9543587F2C9055870049A3C1 /* Main.storyboard */; };
		954358832C9055880049A3C1 /* Assets.xcassets in Resources */ = {isa = PBXBuildFile; fileRef = 954358822C9055880049A3C1 /* Assets.xcassets */; };
		954358862C9055880049A3C1 /* LaunchScreen.storyboard in Resources */ = {isa = PBXBuildFile; fileRef = 954358842C9055880049A3C1 /* LaunchScreen.storyboard */; };
		95A5B3142C91359800F1E15E /* MenuItem.swift in Sources */ = {isa = PBXBuildFile; fileRef = 95A5B3132C91359800F1E15E /* MenuItem.swift */; };
		95A5B3162C91384300F1E15E /* API.swift in Sources */ = {isa = PBXBuildFile; fileRef = 95A5B3152C91384300F1E15E /* API.swift */; };
		95A5B3182C913C1000F1E15E /* HomeTableCell.swift in Sources */ = {isa = PBXBuildFile; fileRef = 95A5B3172C913C1000F1E15E /* HomeTableCell.swift */; };
		95C585F32C92CE4D006863E8 /* ConfirmCell.swift in Sources */ = {isa = PBXBuildFile; fileRef = 95C585F12C92CE4D006863E8 /* ConfirmCell.swift */; };
		95C585F42C92CE4D006863E8 /* ConfirmCell.xib in Resources */ = {isa = PBXBuildFile; fileRef = 95C585F22C92CE4D006863E8 /* ConfirmCell.xib */; };
		95C585F62C92E543006863E8 /* TipOptions.swift in Sources */ = {isa = PBXBuildFile; fileRef = 95C585F52C92E543006863E8 /* TipOptions.swift */; };
		95C585F82C92F145006863E8 /* ReceiptItemRowCell.swift in Sources */ = {isa = PBXBuildFile; fileRef = 95C585F72C92F145006863E8 /* ReceiptItemRowCell.swift */; };
		95C585FA2C92F382006863E8 /* ReceiptTipRowCell.swift in Sources */ = {isa = PBXBuildFile; fileRef = 95C585F92C92F382006863E8 /* ReceiptTipRowCell.swift */; };
		95C585FC2C92F53E006863E8 /* ReceiptTotalRowCell.swift in Sources */ = {isa = PBXBuildFile; fileRef = 95C585FB2C92F53E006863E8 /* ReceiptTotalRowCell.swift */; };
/* End PBXBuildFile section */

/* Begin PBXFileReference section */
		77BB72912C96953F0074F917 /* Extensions.swift */ = {isa = PBXFileReference; lastKnownFileType = sourcecode.swift; path = Extensions.swift; sourceTree = "<group>"; };
		9537D0F72C9059BF009D9BB6 /* ConfirmVC.swift */ = {isa = PBXFileReference; lastKnownFileType = sourcecode.swift; path = ConfirmVC.swift; sourceTree = "<group>"; };
		9537D0F92C9059D6009D9BB6 /* TipVC.swift */ = {isa = PBXFileReference; lastKnownFileType = sourcecode.swift; path = TipVC.swift; sourceTree = "<group>"; };
		9537D0FB2C9059E4009D9BB6 /* ReceiptVC.swift */ = {isa = PBXFileReference; lastKnownFileType = sourcecode.swift; path = ReceiptVC.swift; sourceTree = "<group>"; };
		9537D0FD2C905A17009D9BB6 /* ConfirmVC.storyboard */ = {isa = PBXFileReference; lastKnownFileType = file.storyboard; path = ConfirmVC.storyboard; sourceTree = "<group>"; };
		9537D0FF2C905B68009D9BB6 /* TipVC.storyboard */ = {isa = PBXFileReference; lastKnownFileType = file.storyboard; path = TipVC.storyboard; sourceTree = "<group>"; };
		9537D1012C905BAE009D9BB6 /* ReceiptVC.storyboard */ = {isa = PBXFileReference; lastKnownFileType = file.storyboard; path = ReceiptVC.storyboard; sourceTree = "<group>"; };
		954358762C9055870049A3C1 /* TipShopApp.app */ = {isa = PBXFileReference; explicitFileType = wrapper.application; includeInIndex = 0; path = TipShopApp.app; sourceTree = BUILT_PRODUCTS_DIR; };
		954358792C9055870049A3C1 /* AppDelegate.swift */ = {isa = PBXFileReference; lastKnownFileType = sourcecode.swift; path = AppDelegate.swift; sourceTree = "<group>"; };
		9543587B2C9055870049A3C1 /* SceneDelegate.swift */ = {isa = PBXFileReference; lastKnownFileType = sourcecode.swift; path = SceneDelegate.swift; sourceTree = "<group>"; };
		9543587D2C9055870049A3C1 /* HomeVC.swift */ = {isa = PBXFileReference; lastKnownFileType = sourcecode.swift; path = HomeVC.swift; sourceTree = "<group>"; };
		954358802C9055870049A3C1 /* Base */ = {isa = PBXFileReference; lastKnownFileType = file.storyboard; name = Base; path = Base.lproj/Main.storyboard; sourceTree = "<group>"; };
		954358822C9055880049A3C1 /* Assets.xcassets */ = {isa = PBXFileReference; lastKnownFileType = folder.assetcatalog; path = Assets.xcassets; sourceTree = "<group>"; };
		954358852C9055880049A3C1 /* Base */ = {isa = PBXFileReference; lastKnownFileType = file.storyboard; name = Base; path = Base.lproj/LaunchScreen.storyboard; sourceTree = "<group>"; };
		954358872C9055880049A3C1 /* Info.plist */ = {isa = PBXFileReference; lastKnownFileType = text.plist.xml; path = Info.plist; sourceTree = "<group>"; };
		95A5B3132C91359800F1E15E /* MenuItem.swift */ = {isa = PBXFileReference; lastKnownFileType = sourcecode.swift; path = MenuItem.swift; sourceTree = "<group>"; };
		95A5B3152C91384300F1E15E /* API.swift */ = {isa = PBXFileReference; lastKnownFileType = sourcecode.swift; path = API.swift; sourceTree = "<group>"; };
		95A5B3172C913C1000F1E15E /* HomeTableCell.swift */ = {isa = PBXFileReference; lastKnownFileType = sourcecode.swift; path = HomeTableCell.swift; sourceTree = "<group>"; };
		95C585F12C92CE4D006863E8 /* ConfirmCell.swift */ = {isa = PBXFileReference; lastKnownFileType = sourcecode.swift; path = ConfirmCell.swift; sourceTree = "<group>"; };
		95C585F22C92CE4D006863E8 /* ConfirmCell.xib */ = {isa = PBXFileReference; lastKnownFileType = file.xib; path = ConfirmCell.xib; sourceTree = "<group>"; };
		95C585F52C92E543006863E8 /* TipOptions.swift */ = {isa = PBXFileReference; lastKnownFileType = sourcecode.swift; path = TipOptions.swift; sourceTree = "<group>"; };
		95C585F72C92F145006863E8 /* ReceiptItemRowCell.swift */ = {isa = PBXFileReference; lastKnownFileType = sourcecode.swift; path = ReceiptItemRowCell.swift; sourceTree = "<group>"; };
		95C585F92C92F382006863E8 /* ReceiptTipRowCell.swift */ = {isa = PBXFileReference; lastKnownFileType = sourcecode.swift; path = ReceiptTipRowCell.swift; sourceTree = "<group>"; };
		95C585FB2C92F53E006863E8 /* ReceiptTotalRowCell.swift */ = {isa = PBXFileReference; lastKnownFileType = sourcecode.swift; path = ReceiptTotalRowCell.swift; sourceTree = "<group>"; };
/* End PBXFileReference section */

/* Begin PBXFrameworksBuildPhase section */
		954358732C9055870049A3C1 /* Frameworks */ = {
			isa = PBXFrameworksBuildPhase;
			buildActionMask = 2147483647;
			files = (
			);
			runOnlyForDeploymentPostprocessing = 0;
		};
/* End PBXFrameworksBuildPhase section */

/* Begin PBXGroup section */
		9537D0F32C905846009D9BB6 /* Home */ = {
			isa = PBXGroup;
			children = (
				9543587D2C9055870049A3C1 /* HomeVC.swift */,
				9543587F2C9055870049A3C1 /* Main.storyboard */,
				95A5B3172C913C1000F1E15E /* HomeTableCell.swift */,
			);
			path = Home;
			sourceTree = "<group>";
		};
		9537D0F42C905889009D9BB6 /* Confirm */ = {
			isa = PBXGroup;
			children = (
				9537D0F72C9059BF009D9BB6 /* ConfirmVC.swift */,
				9537D0FD2C905A17009D9BB6 /* ConfirmVC.storyboard */,
				95C585F12C92CE4D006863E8 /* ConfirmCell.swift */,
				95C585F22C92CE4D006863E8 /* ConfirmCell.xib */,
			);
			path = Confirm;
			sourceTree = "<group>";
		};
		9537D0F52C905896009D9BB6 /* Tip */ = {
			isa = PBXGroup;
			children = (
				9537D0F92C9059D6009D9BB6 /* TipVC.swift */,
				9537D0FF2C905B68009D9BB6 /* TipVC.storyboard */,
			);
			path = Tip;
			sourceTree = "<group>";
		};
		9537D0F62C9058A1009D9BB6 /* Receipt */ = {
			isa = PBXGroup;
			children = (
				9537D0FB2C9059E4009D9BB6 /* ReceiptVC.swift */,
				9537D1012C905BAE009D9BB6 /* ReceiptVC.storyboard */,
				95C585F72C92F145006863E8 /* ReceiptItemRowCell.swift */,
				95C585F92C92F382006863E8 /* ReceiptTipRowCell.swift */,
				95C585FB2C92F53E006863E8 /* ReceiptTotalRowCell.swift */,
			);
			path = Receipt;
			sourceTree = "<group>";
		};
		9543586D2C9055870049A3C1 = {
			isa = PBXGroup;
			children = (
				954358782C9055870049A3C1 /* TipShopApp */,
				954358772C9055870049A3C1 /* Products */,
			);
			sourceTree = "<group>";
		};
		954358772C9055870049A3C1 /* Products */ = {
			isa = PBXGroup;
			children = (
				954358762C9055870049A3C1 /* TipShopApp.app */,
			);
			name = Products;
			sourceTree = "<group>";
		};
		954358782C9055870049A3C1 /* TipShopApp */ = {
			isa = PBXGroup;
			children = (
				954358822C9055880049A3C1 /* Assets.xcassets */,
				954358842C9055880049A3C1 /* LaunchScreen.storyboard */,
				954358872C9055880049A3C1 /* Info.plist */,
				954358792C9055870049A3C1 /* AppDelegate.swift */,
				9543587B2C9055870049A3C1 /* SceneDelegate.swift */,
				95A5B3152C91384300F1E15E /* API.swift */,
				77BB72912C96953F0074F917 /* Extensions.swift */,
				95A5B3122C91357300F1E15E /* Model */,
				9537D0F32C905846009D9BB6 /* Home */,
				9537D0F42C905889009D9BB6 /* Confirm */,
				9537D0F52C905896009D9BB6 /* Tip */,
				9537D0F62C9058A1009D9BB6 /* Receipt */,
			);
			path = TipShopApp;
			sourceTree = "<group>";
		};
		95A5B3122C91357300F1E15E /* Model */ = {
			isa = PBXGroup;
			children = (
				95A5B3132C91359800F1E15E /* MenuItem.swift */,
				95C585F52C92E543006863E8 /* TipOptions.swift */,
			);
			path = Model;
			sourceTree = "<group>";
		};
/* End PBXGroup section */

/* Begin PBXNativeTarget section */
		954358752C9055870049A3C1 /* TipShopApp */ = {
			isa = PBXNativeTarget;
			buildConfigurationList = 9543588A2C9055880049A3C1 /* Build configuration list for PBXNativeTarget "TipShopApp" */;
			buildPhases = (
				954358722C9055870049A3C1 /* Sources */,
				954358732C9055870049A3C1 /* Frameworks */,
				954358742C9055870049A3C1 /* Resources */,
			);
			buildRules = (
			);
			dependencies = (
			);
			name = TipShopApp;
			productName = TipShopApp;
			productReference = 954358762C9055870049A3C1 /* TipShopApp.app */;
			productType = "com.apple.product-type.application";
		};
/* End PBXNativeTarget section */

/* Begin PBXProject section */
		9543586E2C9055870049A3C1 /* Project object */ = {
			isa = PBXProject;
			attributes = {
				BuildIndependentTargetsInParallel = 1;
				LastSwiftUpdateCheck = 1520;
				LastUpgradeCheck = 1520;
				TargetAttributes = {
					954358752C9055870049A3C1 = {
						CreatedOnToolsVersion = 15.2;
					};
				};
			};
			buildConfigurationList = 954358712C9055870049A3C1 /* Build configuration list for PBXProject "TipShopApp" */;
			compatibilityVersion = "Xcode 14.0";
			developmentRegion = en;
			hasScannedForEncodings = 0;
			knownRegions = (
				en,
				Base,
			);
			mainGroup = 9543586D2C9055870049A3C1;
			productRefGroup = 954358772C9055870049A3C1 /* Products */;
			projectDirPath = "";
			projectRoot = "";
			targets = (
				954358752C9055870049A3C1 /* TipShopApp */,
			);
		};
/* End PBXProject section */

/* Begin PBXResourcesBuildPhase section */
		954358742C9055870049A3C1 /* Resources */ = {
			isa = PBXResourcesBuildPhase;
			buildActionMask = 2147483647;
			files = (
				954358862C9055880049A3C1 /* LaunchScreen.storyboard in Resources */,
				95C585F42C92CE4D006863E8 /* ConfirmCell.xib in Resources */,
				9537D1002C905B68009D9BB6 /* TipVC.storyboard in Resources */,
				954358832C9055880049A3C1 /* Assets.xcassets in Resources */,
				954358812C9055870049A3C1 /* Main.storyboard in Resources */,
				9537D0FE2C905A17009D9BB6 /* ConfirmVC.storyboard in Resources */,
				9537D1022C905BAE009D9BB6 /* ReceiptVC.storyboard in Resources */,
			);
			runOnlyForDeploymentPostprocessing = 0;
		};
/* End PBXResourcesBuildPhase section */

/* Begin PBXSourcesBuildPhase section */
		954358722C9055870049A3C1 /* Sources */ = {
			isa = PBXSourcesBuildPhase;
			buildActionMask = 2147483647;
			files = (
				95C585F32C92CE4D006863E8 /* ConfirmCell.swift in Sources */,
				95A5B3142C91359800F1E15E /* MenuItem.swift in Sources */,
				9543587E2C9055870049A3C1 /* HomeVC.swift in Sources */,
				9537D0FC2C9059E4009D9BB6 /* ReceiptVC.swift in Sources */,
				9537D0FA2C9059D6009D9BB6 /* TipVC.swift in Sources */,
				9537D0F82C9059BF009D9BB6 /* ConfirmVC.swift in Sources */,
				9543587A2C9055870049A3C1 /* AppDelegate.swift in Sources */,
				95A5B3162C91384300F1E15E /* API.swift in Sources */,
				95C585F62C92E543006863E8 /* TipOptions.swift in Sources */,
				9543587C2C9055870049A3C1 /* SceneDelegate.swift in Sources */,
				77BB72922C96953F0074F917 /* Extensions.swift in Sources */,
				95C585FA2C92F382006863E8 /* ReceiptTipRowCell.swift in Sources */,
				95C585F82C92F145006863E8 /* ReceiptItemRowCell.swift in Sources */,
				95C585FC2C92F53E006863E8 /* ReceiptTotalRowCell.swift in Sources */,
				95A5B3182C913C1000F1E15E /* HomeTableCell.swift in Sources */,
			);
			runOnlyForDeploymentPostprocessing = 0;
		};
/* End PBXSourcesBuildPhase section */

/* Begin PBXVariantGroup section */
		9543587F2C9055870049A3C1 /* Main.storyboard */ = {
			isa = PBXVariantGroup;
			children = (
				954358802C9055870049A3C1 /* Base */,
			);
			name = Main.storyboard;
			sourceTree = "<group>";
		};
		954358842C9055880049A3C1 /* LaunchScreen.storyboard */ = {
			isa = PBXVariantGroup;
			children = (
				954358852C9055880049A3C1 /* Base */,
			);
			name = LaunchScreen.storyboard;
			sourceTree = "<group>";
		};
/* End PBXVariantGroup section */

/* Begin XCBuildConfiguration section */
		954358882C9055880049A3C1 /* Debug */ = {
			isa = XCBuildConfiguration;
			buildSettings = {
				ALWAYS_SEARCH_USER_PATHS = NO;
				ASSETCATALOG_COMPILER_GENERATE_SWIFT_ASSET_SYMBOL_EXTENSIONS = YES;
				CLANG_ANALYZER_NONNULL = YES;
				CLANG_ANALYZER_NUMBER_OBJECT_CONVERSION = YES_AGGRESSIVE;
				CLANG_CXX_LANGUAGE_STANDARD = "gnu++20";
				CLANG_ENABLE_MODULES = YES;
				CLANG_ENABLE_OBJC_ARC = YES;
				CLANG_ENABLE_OBJC_WEAK = YES;
				CLANG_WARN_BLOCK_CAPTURE_AUTORELEASING = YES;
				CLANG_WARN_BOOL_CONVERSION = YES;
				CLANG_WARN_COMMA = YES;
				CLANG_WARN_CONSTANT_CONVERSION = YES;
				CLANG_WARN_DEPRECATED_OBJC_IMPLEMENTATIONS = YES;
				CLANG_WARN_DIRECT_OBJC_ISA_USAGE = YES_ERROR;
				CLANG_WARN_DOCUMENTATION_COMMENTS = YES;
				CLANG_WARN_EMPTY_BODY = YES;
				CLANG_WARN_ENUM_CONVERSION = YES;
				CLANG_WARN_INFINITE_RECURSION = YES;
				CLANG_WARN_INT_CONVERSION = YES;
				CLANG_WARN_NON_LITERAL_NULL_CONVERSION = YES;
				CLANG_WARN_OBJC_IMPLICIT_RETAIN_SELF = YES;
				CLANG_WARN_OBJC_LITERAL_CONVERSION = YES;
				CLANG_WARN_OBJC_ROOT_CLASS = YES_ERROR;
				CLANG_WARN_QUOTED_INCLUDE_IN_FRAMEWORK_HEADER = YES;
				CLANG_WARN_RANGE_LOOP_ANALYSIS = YES;
				CLANG_WARN_STRICT_PROTOTYPES = YES;
				CLANG_WARN_SUSPICIOUS_MOVE = YES;
				CLANG_WARN_UNGUARDED_AVAILABILITY = YES_AGGRESSIVE;
				CLANG_WARN_UNREACHABLE_CODE = YES;
				CLANG_WARN__DUPLICATE_METHOD_MATCH = YES;
				COPY_PHASE_STRIP = NO;
				DEBUG_INFORMATION_FORMAT = dwarf;
				ENABLE_STRICT_OBJC_MSGSEND = YES;
				ENABLE_TESTABILITY = YES;
				ENABLE_USER_SCRIPT_SANDBOXING = YES;
				GCC_C_LANGUAGE_STANDARD = gnu17;
				GCC_DYNAMIC_NO_PIC = NO;
				GCC_NO_COMMON_BLOCKS = YES;
				GCC_OPTIMIZATION_LEVEL = 0;
				GCC_PREPROCESSOR_DEFINITIONS = (
					"DEBUG=1",
					"$(inherited)",
				);
				GCC_WARN_64_TO_32_BIT_CONVERSION = YES;
				GCC_WARN_ABOUT_RETURN_TYPE = YES_ERROR;
				GCC_WARN_UNDECLARED_SELECTOR = YES;
				GCC_WARN_UNINITIALIZED_AUTOS = YES_AGGRESSIVE;
				GCC_WARN_UNUSED_FUNCTION = YES;
				GCC_WARN_UNUSED_VARIABLE = YES;
				IPHONEOS_DEPLOYMENT_TARGET = 17.2;
				LOCALIZATION_PREFERS_STRING_CATALOGS = YES;
				MTL_ENABLE_DEBUG_INFO = INCLUDE_SOURCE;
				MTL_FAST_MATH = YES;
				ONLY_ACTIVE_ARCH = YES;
				SDKROOT = iphoneos;
				SWIFT_ACTIVE_COMPILATION_CONDITIONS = "DEBUG $(inherited)";
				SWIFT_OPTIMIZATION_LEVEL = "-Onone";
			};
			name = Debug;
		};
		954358892C9055880049A3C1 /* Release */ = {
			isa = XCBuildConfiguration;
			buildSettings = {
				ALWAYS_SEARCH_USER_PATHS = NO;
				ASSETCATALOG_COMPILER_GENERATE_SWIFT_ASSET_SYMBOL_EXTENSIONS = YES;
				CLANG_ANALYZER_NONNULL = YES;
				CLANG_ANALYZER_NUMBER_OBJECT_CONVERSION = YES_AGGRESSIVE;
				CLANG_CXX_LANGUAGE_STANDARD = "gnu++20";
				CLANG_ENABLE_MODULES = YES;
				CLANG_ENABLE_OBJC_ARC = YES;
				CLANG_ENABLE_OBJC_WEAK = YES;
				CLANG_WARN_BLOCK_CAPTURE_AUTORELEASING = YES;
				CLANG_WARN_BOOL_CONVERSION = YES;
				CLANG_WARN_COMMA = YES;
				CLANG_WARN_CONSTANT_CONVERSION = YES;
				CLANG_WARN_DEPRECATED_OBJC_IMPLEMENTATIONS = YES;
				CLANG_WARN_DIRECT_OBJC_ISA_USAGE = YES_ERROR;
				CLANG_WARN_DOCUMENTATION_COMMENTS = YES;
				CLANG_WARN_EMPTY_BODY = YES;
				CLANG_WARN_ENUM_CONVERSION = YES;
				CLANG_WARN_INFINITE_RECURSION = YES;
				CLANG_WARN_INT_CONVERSION = YES;
				CLANG_WARN_NON_LITERAL_NULL_CONVERSION = YES;
				CLANG_WARN_OBJC_IMPLICIT_RETAIN_SELF = YES;
				CLANG_WARN_OBJC_LITERAL_CONVERSION = YES;
				CLANG_WARN_OBJC_ROOT_CLASS = YES_ERROR;
				CLANG_WARN_QUOTED_INCLUDE_IN_FRAMEWORK_HEADER = YES;
				CLANG_WARN_RANGE_LOOP_ANALYSIS = YES;
				CLANG_WARN_STRICT_PROTOTYPES = YES;
				CLANG_WARN_SUSPICIOUS_MOVE = YES;
				CLANG_WARN_UNGUARDED_AVAILABILITY = YES_AGGRESSIVE;
				CLANG_WARN_UNREACHABLE_CODE = YES;
				CLANG_WARN__DUPLICATE_METHOD_MATCH = YES;
				COPY_PHASE_STRIP = NO;
				DEBUG_INFORMATION_FORMAT = "dwarf-with-dsym";
				ENABLE_NS_ASSERTIONS = NO;
				ENABLE_STRICT_OBJC_MSGSEND = YES;
				ENABLE_USER_SCRIPT_SANDBOXING = YES;
				GCC_C_LANGUAGE_STANDARD = gnu17;
				GCC_NO_COMMON_BLOCKS = YES;
				GCC_WARN_64_TO_32_BIT_CONVERSION = YES;
				GCC_WARN_ABOUT_RETURN_TYPE = YES_ERROR;
				GCC_WARN_UNDECLARED_SELECTOR = YES;
				GCC_WARN_UNINITIALIZED_AUTOS = YES_AGGRESSIVE;
				GCC_WARN_UNUSED_FUNCTION = YES;
				GCC_WARN_UNUSED_VARIABLE = YES;
				IPHONEOS_DEPLOYMENT_TARGET = 17.2;
				LOCALIZATION_PREFERS_STRING_CATALOGS = YES;
				MTL_ENABLE_DEBUG_INFO = NO;
				MTL_FAST_MATH = YES;
				SDKROOT = iphoneos;
				SWIFT_COMPILATION_MODE = wholemodule;
				VALIDATE_PRODUCT = YES;
			};
			name = Release;
		};
		9543588B2C9055880049A3C1 /* Debug */ = {
			isa = XCBuildConfiguration;
			buildSettings = {
				ASSETCATALOG_COMPILER_APPICON_NAME = AppIcon;
				ASSETCATALOG_COMPILER_GLOBAL_ACCENT_COLOR_NAME = AccentColor;
				CODE_SIGN_STYLE = Automatic;
				CURRENT_PROJECT_VERSION = 1;
				DEVELOPMENT_TEAM = 74R2VM5T58;
				GENERATE_INFOPLIST_FILE = YES;
				INFOPLIST_FILE = TipShopApp/Info.plist;
				INFOPLIST_KEY_UIApplicationSupportsIndirectInputEvents = YES;
				INFOPLIST_KEY_UILaunchStoryboardName = LaunchScreen;
				INFOPLIST_KEY_UIMainStoryboardFile = Main;
				INFOPLIST_KEY_UISupportedInterfaceOrientations_iPad = "UIInterfaceOrientationPortrait UIInterfaceOrientationPortraitUpsideDown UIInterfaceOrientationLandscapeLeft UIInterfaceOrientationLandscapeRight";
				INFOPLIST_KEY_UISupportedInterfaceOrientations_iPhone = "UIInterfaceOrientationPortrait UIInterfaceOrientationLandscapeLeft UIInterfaceOrientationLandscapeRight";
				LD_RUNPATH_SEARCH_PATHS = (
					"$(inherited)",
					"@executable_path/Frameworks",
				);
				MARKETING_VERSION = 1.0;
				PRODUCT_BUNDLE_IDENTIFIER = com.duclong.dev.TipShopApp;
				PRODUCT_NAME = "$(TARGET_NAME)";
				SWIFT_EMIT_LOC_STRINGS = YES;
				SWIFT_VERSION = 5.0;
				TARGETED_DEVICE_FAMILY = "1,2";
			};
			name = Debug;
		};
		9543588C2C9055880049A3C1 /* Release */ = {
			isa = XCBuildConfiguration;
			buildSettings = {
				ASSETCATALOG_COMPILER_APPICON_NAME = AppIcon;
				ASSETCATALOG_COMPILER_GLOBAL_ACCENT_COLOR_NAME = AccentColor;
				CODE_SIGN_STYLE = Automatic;
				CURRENT_PROJECT_VERSION = 1;
				DEVELOPMENT_TEAM = 74R2VM5T58;
				GENERATE_INFOPLIST_FILE = YES;
				INFOPLIST_FILE = TipShopApp/Info.plist;
				INFOPLIST_KEY_UIApplicationSupportsIndirectInputEvents = YES;
				INFOPLIST_KEY_UILaunchStoryboardName = LaunchScreen;
				INFOPLIST_KEY_UIMainStoryboardFile = Main;
				INFOPLIST_KEY_UISupportedInterfaceOrientations_iPad = "UIInterfaceOrientationPortrait UIInterfaceOrientationPortraitUpsideDown UIInterfaceOrientationLandscapeLeft UIInterfaceOrientationLandscapeRight";
				INFOPLIST_KEY_UISupportedInterfaceOrientations_iPhone = "UIInterfaceOrientationPortrait UIInterfaceOrientationLandscapeLeft UIInterfaceOrientationLandscapeRight";
				LD_RUNPATH_SEARCH_PATHS = (
					"$(inherited)",
					"@executable_path/Frameworks",
				);
				MARKETING_VERSION = 1.0;
				PRODUCT_BUNDLE_IDENTIFIER = com.duclong.dev.TipShopApp;
				PRODUCT_NAME = "$(TARGET_NAME)";
				SWIFT_EMIT_LOC_STRINGS = YES;
				SWIFT_VERSION = 5.0;
				TARGETED_DEVICE_FAMILY = "1,2";
			};
			name = Release;
		};
/* End XCBuildConfiguration section */

/* Begin XCConfigurationList section */
		954358712C9055870049A3C1 /* Build configuration list for PBXProject "TipShopApp" */ = {
			isa = XCConfigurationList;
			buildConfigurations = (
				954358882C9055880049A3C1 /* Debug */,
				954358892C9055880049A3C1 /* Release */,
			);
			defaultConfigurationIsVisible = 0;
			defaultConfigurationName = Release;
		};
		9543588A2C9055880049A3C1 /* Build configuration list for PBXNativeTarget "TipShopApp" */ = {
			isa = XCConfigurationList;
			buildConfigurations = (
				9543588B2C9055880049A3C1 /* Debug */,
				9543588C2C9055880049A3C1 /* Release */,
			);
			defaultConfigurationIsVisible = 0;
			defaultConfigurationName = Release;
		};
/* End XCConfigurationList section */
	};
	rootObject = 9543586E2C9055870049A3C1 /* Project object */;
}
